// !$*UTF8*$!
{
	archiveVersion = 1;
	classes = {
	};
	objectVersion = 46;
	objects = {

/* Begin PBXBuildFile section */
		FA9E506B1CB501AF0012BC77 /* AppDelegate.swift in Sources */ = {isa = PBXBuildFile; fileRef = FA9E506A1CB501AF0012BC77 /* AppDelegate.swift */; };
		FA9E506D1CB501AF0012BC77 /* MotionInfoViewController.swift in Sources */ = {isa = PBXBuildFile; fileRef = FA9E506C1CB501AF0012BC77 /* MotionInfoViewController.swift */; };
		FA9E50701CB501AF0012BC77 /* Main.storyboard in Resources */ = {isa = PBXBuildFile; fileRef = FA9E506E1CB501AF0012BC77 /* Main.storyboard */; };
		FA9E50721CB501AF0012BC77 /* Assets.xcassets in Resources */ = {isa = PBXBuildFile; fileRef = FA9E50711CB501AF0012BC77 /* Assets.xcassets */; };
		FA9E50751CB501AF0012BC77 /* LaunchScreen.storyboard in Resources */ = {isa = PBXBuildFile; fileRef = FA9E50731CB501AF0012BC77 /* LaunchScreen.storyboard */; };
		FA9E507D1CB53BE50012BC77 /* MotionInfoEnums.swift in Sources */ = {isa = PBXBuildFile; fileRef = FA9E507C1CB53BE50012BC77 /* MotionInfoEnums.swift */; };
		FA9E507F1CB54ED30012BC77 /* MotionInfoViewController+SettingData.swift in Sources */ = {isa = PBXBuildFile; fileRef = FA9E507E1CB54ED30012BC77 /* MotionInfoViewController+SettingData.swift */; };
/* End PBXBuildFile section */

/* Begin PBXFileReference section */
		FA9E50671CB501AF0012BC77 /* YBDeviceMotion.app */ = {isa = PBXFileReference; explicitFileType = wrapper.application; includeInIndex = 0; path = YBDeviceMotion.app; sourceTree = BUILT_PRODUCTS_DIR; };
		FA9E506A1CB501AF0012BC77 /* AppDelegate.swift */ = {isa = PBXFileReference; lastKnownFileType = sourcecode.swift; path = AppDelegate.swift; sourceTree = "<group>"; };
		FA9E506C1CB501AF0012BC77 /* MotionInfoViewController.swift */ = {isa = PBXFileReference; lastKnownFileType = sourcecode.swift; path = MotionInfoViewController.swift; sourceTree = "<group>"; };
		FA9E506F1CB501AF0012BC77 /* Base */ = {isa = PBXFileReference; lastKnownFileType = file.storyboard; name = Base; path = Base.lproj/Main.storyboard; sourceTree = "<group>"; };
		FA9E50711CB501AF0012BC77 /* Assets.xcassets */ = {isa = PBXFileReference; lastKnownFileType = folder.assetcatalog; path = Assets.xcassets; sourceTree = "<group>"; };
		FA9E50741CB501AF0012BC77 /* Base */ = {isa = PBXFileReference; lastKnownFileType = file.storyboard; name = Base; path = Base.lproj/LaunchScreen.storyboard; sourceTree = "<group>"; };
		FA9E50761CB501AF0012BC77 /* Info.plist */ = {isa = PBXFileReference; lastKnownFileType = text.plist.xml; path = Info.plist; sourceTree = "<group>"; };
		FA9E507C1CB53BE50012BC77 /* MotionInfoEnums.swift */ = {isa = PBXFileReference; fileEncoding = 4; lastKnownFileType = sourcecode.swift; path = MotionInfoEnums.swift; sourceTree = "<group>"; };
		FA9E507E1CB54ED30012BC77 /* MotionInfoViewController+SettingData.swift */ = {isa = PBXFileReference; fileEncoding = 4; lastKnownFileType = sourcecode.swift; path = "MotionInfoViewController+SettingData.swift"; sourceTree = "<group>"; };
/* End PBXFileReference section */

/* Begin PBXFrameworksBuildPhase section */
		FA9E50641CB501AF0012BC77 /* Frameworks */ = {
			isa = PBXFrameworksBuildPhase;
			buildActionMask = 2147483647;
			files = (
			);
			runOnlyForDeploymentPostprocessing = 0;
		};
/* End PBXFrameworksBuildPhase section */

/* Begin PBXGroup section */
		FA9E505E1CB501AF0012BC77 = {
			isa = PBXGroup;
			children = (
				FA9E50691CB501AF0012BC77 /* YBDeviceMotion */,
				FA9E50681CB501AF0012BC77 /* Products */,
			);
			sourceTree = "<group>";
		};
		FA9E50681CB501AF0012BC77 /* Products */ = {
			isa = PBXGroup;
			children = (
				FA9E50671CB501AF0012BC77 /* YBDeviceMotion.app */,
			);
			name = Products;
			sourceTree = "<group>";
		};
		FA9E50691CB501AF0012BC77 /* YBDeviceMotion */ = {
			isa = PBXGroup;
			children = (
				FA9E506A1CB501AF0012BC77 /* AppDelegate.swift */,
				FA9E506C1CB501AF0012BC77 /* MotionInfoViewController.swift */,
				FA9E507E1CB54ED30012BC77 /* MotionInfoViewController+SettingData.swift */,
				FA9E507C1CB53BE50012BC77 /* MotionInfoEnums.swift */,
				FA9E506E1CB501AF0012BC77 /* Main.storyboard */,
				FA9E50711CB501AF0012BC77 /* Assets.xcassets */,
				FA9E50731CB501AF0012BC77 /* LaunchScreen.storyboard */,
				FA9E50761CB501AF0012BC77 /* Info.plist */,
			);
			path = YBDeviceMotion;
			sourceTree = "<group>";
		};
/* End PBXGroup section */

/* Begin PBXNativeTarget section */
		FA9E50661CB501AF0012BC77 /* YBDeviceMotion */ = {
			isa = PBXNativeTarget;
			buildConfigurationList = FA9E50791CB501AF0012BC77 /* Build configuration list for PBXNativeTarget "YBDeviceMotion" */;
			buildPhases = (
				FA9E50631CB501AF0012BC77 /* Sources */,
				FA9E50641CB501AF0012BC77 /* Frameworks */,
				FA9E50651CB501AF0012BC77 /* Resources */,
			);
			buildRules = (
			);
			dependencies = (
			);
			name = YBDeviceMotion;
			productName = YBDeviceMotion;
			productReference = FA9E50671CB501AF0012BC77 /* YBDeviceMotion.app */;
			productType = "com.apple.product-type.application";
		};
/* End PBXNativeTarget section */

/* Begin PBXProject section */
		FA9E505F1CB501AF0012BC77 /* Project object */ = {
			isa = PBXProject;
			attributes = {
				LastSwiftUpdateCheck = 0730;
				LastUpgradeCheck = 0730;
				ORGANIZATIONNAME = "Old Yellow Bricks";
				TargetAttributes = {
					FA9E50661CB501AF0012BC77 = {
						CreatedOnToolsVersion = 7.3;
					};
				};
			};
			buildConfigurationList = FA9E50621CB501AF0012BC77 /* Build configuration list for PBXProject "YBDeviceMotion" */;
			compatibilityVersion = "Xcode 3.2";
			developmentRegion = English;
			hasScannedForEncodings = 0;
			knownRegions = (
				en,
				Base,
			);
			mainGroup = FA9E505E1CB501AF0012BC77;
			productRefGroup = FA9E50681CB501AF0012BC77 /* Products */;
			projectDirPath = "";
			projectRoot = "";
			targets = (
				FA9E50661CB501AF0012BC77 /* YBDeviceMotion */,
			);
		};
/* End PBXProject section */

/* Begin PBXResourcesBuildPhase section */
		FA9E50651CB501AF0012BC77 /* Resources */ = {
			isa = PBXResourcesBuildPhase;
			buildActionMask = 2147483647;
			files = (
				FA9E50751CB501AF0012BC77 /* LaunchScreen.storyboard in Resources */,
				FA9E50721CB501AF0012BC77 /* Assets.xcassets in Resources */,
				FA9E50701CB501AF0012BC77 /* Main.storyboard in Resources */,
			);
			runOnlyForDeploymentPostprocessing = 0;
		};
/* End PBXResourcesBuildPhase section */

/* Begin PBXSourcesBuildPhase section */
		FA9E50631CB501AF0012BC77 /* Sources */ = {
			isa = PBXSourcesBuildPhase;
			buildActionMask = 2147483647;
			files = (
				FA9E506D1CB501AF0012BC77 /* MotionInfoViewController.swift in Sources */,
				FA9E507F1CB54ED30012BC77 /* MotionInfoViewController+SettingData.swift in Sources */,
				FA9E506B1CB501AF0012BC77 /* AppDelegate.swift in Sources */,
				FA9E507D1CB53BE50012BC77 /* MotionInfoEnums.swift in Sources */,
			);
			runOnlyForDeploymentPostprocessing = 0;
		};
/* End PBXSourcesBuildPhase section */

/* Begin PBXVariantGroup section */
		FA9E506E1CB501AF0012BC77 /* Main.storyboard */ = {
			isa = PBXVariantGroup;
			children = (
				FA9E506F1CB501AF0012BC77 /* Base */,
			);
			name = Main.storyboard;
			sourceTree = "<group>";
		};
		FA9E50731CB501AF0012BC77 /* LaunchScreen.storyboard */ = {
			isa = PBXVariantGroup;
			children = (
				FA9E50741CB501AF0012BC77 /* Base */,
			);
			name = LaunchScreen.storyboard;
			sourceTree = "<group>";
		};
/* End PBXVariantGroup section */

/* Begin XCBuildConfiguration section */
		FA9E50771CB501AF0012BC77 /* Debug */ = {
			isa = XCBuildConfiguration;
			buildSettings = {
				ALWAYS_SEARCH_USER_PATHS = NO;
				CLANG_ANALYZER_NONNULL = YES;
				CLANG_CXX_LANGUAGE_STANDARD = "gnu++0x";
				CLANG_CXX_LIBRARY = "libc++";
				CLANG_ENABLE_MODULES = YES;
				CLANG_ENABLE_OBJC_ARC = YES;
				CLANG_WARN_BOOL_CONVERSION = YES;
				CLANG_WARN_CONSTANT_CONVERSION = YES;
				CLANG_WARN_DIRECT_OBJC_ISA_USAGE = YES_ERROR;
				CLANG_WARN_EMPTY_BODY = YES;
				CLANG_WARN_ENUM_CONVERSION = YES;
				CLANG_WARN_INT_CONVERSION = YES;
				CLANG_WARN_OBJC_ROOT_CLASS = YES_ERROR;
				CLANG_WARN_UNREACHABLE_CODE = YES;
				CLANG_WARN__DUPLICATE_METHOD_MATCH = YES;
				"CODE_SIGN_IDENTITY[sdk=iphoneos*]" = "iPhone Developer";
				COPY_PHASE_STRIP = NO;
				DEBUG_INFORMATION_FORMAT = dwarf;
				ENABLE_STRICT_OBJC_MSGSEND = YES;
				ENABLE_TESTABILITY = YES;
				GCC_C_LANGUAGE_STANDARD = gnu99;
				GCC_DYNAMIC_NO_PIC = NO;
				GCC_NO_COMMON_BLOCKS = YES;
				GCC_OPTIMIZATION_LEVEL = 0;
				GCC_PREPROCESSOR_DEFINITIONS = (
					"DEBUG=1",
					"$(inherited)",
				);
				GCC_WARN_64_TO_32_BIT_CONVERSION = YES;
				GCC_WARN_ABOUT_RETURN_TYPE = YES_ERROR;
				GCC_WARN_UNDECLARED_SELECTOR = YES;
				GCC_WARN_UNINITIALIZED_AUTOS = YES_AGGRESSIVE;
				GCC_WARN_UNUSED_FUNCTION = YES;
				GCC_WARN_UNUSED_VARIABLE = YES;
				IPHONEOS_DEPLOYMENT_TARGET = 9.3;
				MTL_ENABLE_DEBUG_INFO = YES;
				ONLY_ACTIVE_ARCH = YES;
				SDKROOT = iphoneos;
				SWIFT_OPTIMIZATION_LEVEL = "-Onone";
				TARGETED_DEVICE_FAMILY = "1,2";
			};
			name = Debug;
		};
		FA9E50781CB501AF0012BC77 /* Release */ = {
			isa = XCBuildConfiguration;
			buildSettings = {
				ALWAYS_SEARCH_USER_PATHS = NO;
				CLANG_ANALYZER_NONNULL = YES;
				CLANG_CXX_LANGUAGE_STANDARD = "gnu++0x";
				CLANG_CXX_LIBRARY = "libc++";
				CLANG_ENABLE_MODULES = YES;
				CLANG_ENABLE_OBJC_ARC = YES;
				CLANG_WARN_BOOL_CONVERSION = YES;
				CLANG_WARN_CONSTANT_CONVERSION = YES;
				CLANG_WARN_DIRECT_OBJC_ISA_USAGE = YES_ERROR;
				CLANG_WARN_EMPTY_BODY = YES;
				CLANG_WARN_ENUM_CONVERSION = YES;
				CLANG_WARN_INT_CONVERSION = YES;
				CLANG_WARN_OBJC_ROOT_CLASS = YES_ERROR;
				CLANG_WARN_UNREACHABLE_CODE = YES;
				CLANG_WARN__DUPLICATE_METHOD_MATCH = YES;
				"CODE_SIGN_IDENTITY[sdk=iphoneos*]" = "iPhone Developer";
				COPY_PHASE_STRIP = NO;
				DEBUG_INFORMATION_FORMAT = "dwarf-with-dsym";
				ENABLE_NS_ASSERTIONS = NO;
				ENABLE_STRICT_OBJC_MSGSEND = YES;
				GCC_C_LANGUAGE_STANDARD = gnu99;
				GCC_NO_COMMON_BLOCKS = YES;
				GCC_WARN_64_TO_32_BIT_CONVERSION = YES;
				GCC_WARN_ABOUT_RETURN_TYPE = YES_ERROR;
				GCC_WARN_UNDECLARED_SELECTOR = YES;
				GCC_WARN_UNINITIALIZED_AUTOS = YES_AGGRESSIVE;
				GCC_WARN_UNUSED_FUNCTION = YES;
				GCC_WARN_UNUSED_VARIABLE = YES;
				IPHONEOS_DEPLOYMENT_TARGET = 9.3;
				MTL_ENABLE_DEBUG_INFO = NO;
				SDKROOT = iphoneos;
				TARGETED_DEVICE_FAMILY = "1,2";
				VALIDATE_PRODUCT = YES;
			};
			name = Release;
		};
		FA9E507A1CB501AF0012BC77 /* Debug */ = {
			isa = XCBuildConfiguration;
			buildSettings = {
				ASSETCATALOG_COMPILER_APPICON_NAME = AppIcon;
				INFOPLIST_FILE = YBDeviceMotion/Info.plist;
				LD_RUNPATH_SEARCH_PATHS = "$(inherited) @executable_path/Frameworks";
				PRODUCT_BUNDLE_IDENTIFIER = com.oldyellowbricks.YBDeviceMotion;
				PRODUCT_NAME = "$(TARGET_NAME)";
			};
			name = Debug;
		};
		FA9E507B1CB501AF0012BC77 /* Release */ = {
			isa = XCBuildConfiguration;
			buildSettings = {
				ASSETCATALOG_COMPILER_APPICON_NAME = AppIcon;
				INFOPLIST_FILE = YBDeviceMotion/Info.plist;
				LD_RUNPATH_SEARCH_PATHS = "$(inherited) @executable_path/Frameworks";
				PRODUCT_BUNDLE_IDENTIFIER = com.oldyellowbricks.YBDeviceMotion;
				PRODUCT_NAME = "$(TARGET_NAME)";
			};
			name = Release;
		};
/* End XCBuildConfiguration section */

/* Begin XCConfigurationList section */
		FA9E50621CB501AF0012BC77 /* Build configuration list for PBXProject "YBDeviceMotion" */ = {
			isa = XCConfigurationList;
			buildConfigurations = (
				FA9E50771CB501AF0012BC77 /* Debug */,
				FA9E50781CB501AF0012BC77 /* Release */,
			);
			defaultConfigurationIsVisible = 0;
			defaultConfigurationName = Release;
		};
		FA9E50791CB501AF0012BC77 /* Build configuration list for PBXNativeTarget "YBDeviceMotion" */ = {
			isa = XCConfigurationList;
			buildConfigurations = (
				FA9E507A1CB501AF0012BC77 /* Debug */,
				FA9E507B1CB501AF0012BC77 /* Release */,
			);
			defaultConfigurationIsVisible = 0;
			defaultConfigurationName = Release;
		};
/* End XCConfigurationList section */
	};
	rootObject = FA9E505F1CB501AF0012BC77 /* Project object */;
}
